
Microsoft Visual Studio Solution File, Format Version 12.00
# Visual Studio 15
VisualStudioVersion = 15.0.27130.2027
MinimumVisualStudioVersion = 10.0.40219.1
Project("{2150E333-8FDC-42A3-9474-1A3956D46DE8}") = "library-source", "library-source", "{56123580-99E9-45AC-8300-ABF8EE1D021E}"
EndProject
Project("{2150E333-8FDC-42A3-9474-1A3956D46DE8}") = "nunit", "nunit", "{1F3FDAF9-6319-4A3A-AF61-56DC82305EDD}"
EndProject
Project("{2150E333-8FDC-42A3-9474-1A3956D46DE8}") = "xunit", "xunit", "{B1FC9A26-F8DF-49D3-9E01-31CCE984D511}"
EndProject
Project("{FAE04EC0-301F-11D3-BF4B-00C04F79EFBC}") = "UnitTests.NUnit", "UnitTests.NUnit\UnitTests.NUnit.csproj", "{04F3D823-ABEA-46DD-9EC2-56C08CA074DB}"
EndProject
Project("{2150E333-8FDC-42A3-9474-1A3956D46DE8}") = "Solution Items", "Solution Items", "{AEC90E05-F732-4DBC-8DDB-B427F137C82C}"
EndProject
Project("{D954291E-2A0B-460D-934E-DC6B0785DB48}") = "HolisticWare.Core.Text", "..\..\source\HolisticWare.Core.Text\HolisticWare.Core.Text.shproj", "{921CFEA5-564C-4975-A20F-8CAD32EA88E3}"
EndProject
Project("{9A19103F-16F7-4668-BE54-9A1E7A4F7556}") = "HolisticWare.Core.Text.NetStandard10", "..\..\source\HolisticWare.Core.Text.NetStandard10\HolisticWare.Core.Text.NetStandard10.csproj", "{5B8DBA01-2E5F-457A-9895-A9A4759D1D43}"
EndProject
Global
	GlobalSection(SharedMSBuildProjectFiles) = preSolution
		..\..\source\HolisticWare.Core.Text\HolisticWare.Core.Text.projitems*{921cfea5-564c-4975-a20f-8cad32ea88e3}*SharedItemsImports = 13
	EndGlobalSection
	GlobalSection(SolutionConfigurationPlatforms) = preSolution
		Debug|Any CPU = Debug|Any CPU
		Release|Any CPU = Release|Any CPU
	EndGlobalSection
	GlobalSection(ProjectConfigurationPlatforms) = postSolution
		{04F3D823-ABEA-46DD-9EC2-56C08CA074DB}.Debug|Any CPU.ActiveCfg = Debug|Any CPU
		{04F3D823-ABEA-46DD-9EC2-56C08CA074DB}.Debug|Any CPU.Build.0 = Debug|Any CPU
		{04F3D823-ABEA-46DD-9EC2-56C08CA074DB}.Release|Any CPU.ActiveCfg = Release|Any CPU
		{04F3D823-ABEA-46DD-9EC2-56C08CA074DB}.Release|Any CPU.Build.0 = Release|Any CPU
		{5B8DBA01-2E5F-457A-9895-A9A4759D1D43}.Debug|Any CPU.ActiveCfg = Debug|Any CPU
		{5B8DBA01-2E5F-457A-9895-A9A4759D1D43}.Debug|Any CPU.Build.0 = Debug|Any CPU
		{5B8DBA01-2E5F-457A-9895-A9A4759D1D43}.Release|Any CPU.ActiveCfg = Release|Any CPU
		{5B8DBA01-2E5F-457A-9895-A9A4759D1D43}.Release|Any CPU.Build.0 = Release|Any CPU
	EndGlobalSection
	GlobalSection(SolutionProperties) = preSolution
		HideSolutionNode = FALSE
	EndGlobalSection
	GlobalSection(NestedProjects) = preSolution
		{04F3D823-ABEA-46DD-9EC2-56C08CA074DB} = {1F3FDAF9-6319-4A3A-AF61-56DC82305EDD}
		{921CFEA5-564C-4975-A20F-8CAD32EA88E3} = {56123580-99E9-45AC-8300-ABF8EE1D021E}
		{5B8DBA01-2E5F-457A-9895-A9A4759D1D43} = {56123580-99E9-45AC-8300-ABF8EE1D021E}
	EndGlobalSection
	GlobalSection(ExtensibilityGlobals) = postSolution
		SolutionGuid = {215510F5-7238-4944-87B4-B78A2BAF4FEB}
	EndGlobalSection
EndGlobal
