
Microsoft Visual Studio Solution File, Format Version 12.00
# Visual Studio Version 17
VisualStudioVersion = 17.3.32519.111
MinimumVisualStudioVersion = 10.0.40219.1
Project("{9A19103F-16F7-4668-BE54-9A1E7A4F7556}") = "HolisticWare.Core.Net", "HolisticWare.Core.Net\HolisticWare.Core.Net.csproj", "{8F510C5A-85FF-48CF-A925-F67E9CDBD7B0}"
EndProject
Project("{9A19103F-16F7-4668-BE54-9A1E7A4F7556}") = "HolisticWare.Core.Net.HTTP", "HolisticWare.Core.Net.HTTP\HolisticWare.Core.Net.HTTP.csproj", "{F174C716-C9A2-482C-8B43-FDD88DDFBF00}"
EndProject
Project("{2150E333-8FDC-42A3-9474-1A3956D46DE8}") = "Solution Items", "Solution Items", "{3C4B5880-1A37-4218-B93A-3DC34724C2FA}"
	ProjectSection(SolutionItems) = preProject
		Directory.Build.props = Directory.Build.props
	EndProjectSection
EndProject
Project("{2150E333-8FDC-42A3-9474-1A3956D46DE8}") = "externals-submodules", "externals-submodules", "{9299D986-65D5-4990-898D-B53E5C380EA9}"
EndProject
Project("{2150E333-8FDC-42A3-9474-1A3956D46DE8}") = "Core.IO", "Core.IO", "{4CF39F6D-F4E4-47A6-905C-E3392A6AE66E}"
EndProject
Project("{9A19103F-16F7-4668-BE54-9A1E7A4F7556}") = "HolisticWare.Core.IO", "..\externals-submodules\HWC.IO\source\HolisticWare.Core.IO\HolisticWare.Core.IO.csproj", "{19C40DD3-47DC-462F-8343-1119503C663F}"
EndProject
Global
	GlobalSection(SolutionConfigurationPlatforms) = preSolution
		Debug|Any CPU = Debug|Any CPU
		Release|Any CPU = Release|Any CPU
	EndGlobalSection
	GlobalSection(ProjectConfigurationPlatforms) = postSolution
		{8F510C5A-85FF-48CF-A925-F67E9CDBD7B0}.Debug|Any CPU.ActiveCfg = Debug|Any CPU
		{8F510C5A-85FF-48CF-A925-F67E9CDBD7B0}.Debug|Any CPU.Build.0 = Debug|Any CPU
		{8F510C5A-85FF-48CF-A925-F67E9CDBD7B0}.Release|Any CPU.ActiveCfg = Release|Any CPU
		{8F510C5A-85FF-48CF-A925-F67E9CDBD7B0}.Release|Any CPU.Build.0 = Release|Any CPU
		{F174C716-C9A2-482C-8B43-FDD88DDFBF00}.Debug|Any CPU.ActiveCfg = Debug|Any CPU
		{F174C716-C9A2-482C-8B43-FDD88DDFBF00}.Debug|Any CPU.Build.0 = Debug|Any CPU
		{F174C716-C9A2-482C-8B43-FDD88DDFBF00}.Release|Any CPU.ActiveCfg = Release|Any CPU
		{F174C716-C9A2-482C-8B43-FDD88DDFBF00}.Release|Any CPU.Build.0 = Release|Any CPU
		{19C40DD3-47DC-462F-8343-1119503C663F}.Debug|Any CPU.ActiveCfg = Debug|Any CPU
		{19C40DD3-47DC-462F-8343-1119503C663F}.Debug|Any CPU.Build.0 = Debug|Any CPU
		{19C40DD3-47DC-462F-8343-1119503C663F}.Release|Any CPU.ActiveCfg = Release|Any CPU
		{19C40DD3-47DC-462F-8343-1119503C663F}.Release|Any CPU.Build.0 = Release|Any CPU
	EndGlobalSection
	GlobalSection(SolutionProperties) = preSolution
		HideSolutionNode = FALSE
	EndGlobalSection
	GlobalSection(NestedProjects) = preSolution
		{4CF39F6D-F4E4-47A6-905C-E3392A6AE66E} = {9299D986-65D5-4990-898D-B53E5C380EA9}
		{19C40DD3-47DC-462F-8343-1119503C663F} = {4CF39F6D-F4E4-47A6-905C-E3392A6AE66E}
	EndGlobalSection
	GlobalSection(ExtensibilityGlobals) = postSolution
		SolutionGuid = {440F697D-77CA-4EA5-9C13-585B4998A64A}
	EndGlobalSection
EndGlobal
