
Microsoft Visual Studio Solution File, Format Version 12.00
# Visual Studio 15
VisualStudioVersion = 15.0.27130.2027
MinimumVisualStudioVersion = 10.0.40219.1
Project("{FAE04EC0-301F-11D3-BF4B-00C04F79EFBC}") = "HolisticWare.Core.Net", "HolisticWare.Core.Net\HolisticWare.Core.Net.csproj", "{8F510C5A-85FF-48CF-A925-F67E9CDBD7B0}"
EndProject
Project("{FAE04EC0-301F-11D3-BF4B-00C04F79EFBC}") = "HolisticWare.Core.Net.HTTP", "HolisticWare.Core.Net.HTTP\HolisticWare.Core.Net.HTTP.csproj", "{F174C716-C9A2-482C-8B43-FDD88DDFBF00}"
EndProject
Project("{2150E333-8FDC-42A3-9474-1A3956D46DE8}") = "Solution Items", "Solution Items", "{3C4B5880-1A37-4218-B93A-3DC34724C2FA}"
	ProjectSection(SolutionItems) = preProject
		Directory.Build.props = Directory.Build.props
	EndProjectSection
EndProject
Global
	GlobalSection(SharedMSBuildProjectFiles) = preSolution
		HolisticWare.Core.Math.Statistics.Descriptive.Sequential\HolisticWare.Core.Math.Statistics.Descriptive.Sequential.projitems*{920d7d0f-3fae-4c77-9174-23e7a4e80e50}*SharedItemsImports = 13
	EndGlobalSection
	GlobalSection(SolutionConfigurationPlatforms) = preSolution
		Debug|Any CPU = Debug|Any CPU
		Release|Any CPU = Release|Any CPU
	EndGlobalSection
	GlobalSection(ProjectConfigurationPlatforms) = postSolution
		{8F510C5A-85FF-48CF-A925-F67E9CDBD7B0}.Debug|Any CPU.ActiveCfg = Debug|Any CPU
		{8F510C5A-85FF-48CF-A925-F67E9CDBD7B0}.Debug|Any CPU.Build.0 = Debug|Any CPU
		{8F510C5A-85FF-48CF-A925-F67E9CDBD7B0}.Release|Any CPU.ActiveCfg = Release|Any CPU
		{8F510C5A-85FF-48CF-A925-F67E9CDBD7B0}.Release|Any CPU.Build.0 = Release|Any CPU
		{F174C716-C9A2-482C-8B43-FDD88DDFBF00}.Debug|Any CPU.ActiveCfg = Debug|Any CPU
		{F174C716-C9A2-482C-8B43-FDD88DDFBF00}.Debug|Any CPU.Build.0 = Debug|Any CPU
		{F174C716-C9A2-482C-8B43-FDD88DDFBF00}.Release|Any CPU.ActiveCfg = Release|Any CPU
		{F174C716-C9A2-482C-8B43-FDD88DDFBF00}.Release|Any CPU.Build.0 = Release|Any CPU
	EndGlobalSection
	GlobalSection(SolutionProperties) = preSolution
		HideSolutionNode = FALSE
	EndGlobalSection
	GlobalSection(ExtensibilityGlobals) = postSolution
		SolutionGuid = {440F697D-77CA-4EA5-9C13-585B4998A64A}
	EndGlobalSection
EndGlobal
